
Microsoft Visual Studio Solution File, Format Version 12.00
# Visual Studio 14
VisualStudioVersion = 14.0.23107.0
MinimumVisualStudioVersion = 10.0.40219.1
Project("{FAE04EC0-301F-11D3-BF4B-00C04F79EFBC}") = "Latihan_1_1.cs", "Latihan_1_1.cs\Latihan_1_1.cs.csproj", "{9EA92384-0ACE-4F69-B94F-BB595A08A450}"
EndProject
Project("{FAE04EC0-301F-11D3-BF4B-00C04F79EFBC}") = "Latihan_1_2", "Latihan_1_2\Latihan_1_2.csproj", "{100A5EC3-3551-43AC-BC1B-BA1A40BF1596}"
EndProject
Project("{FAE04EC0-301F-11D3-BF4B-00C04F79EFBC}") = "Latihan_2_1", "Latihan_2_1\Latihan_2_1.csproj", "{9814AD86-D690-453D-AC9F-9E4431B480A4}"
EndProject
Project("{FAE04EC0-301F-11D3-BF4B-00C04F79EFBC}") = "Latihan_1_3", "Latihan_1_3\Latihan_1_3.csproj", "{F090EA5F-F416-4F93-8AFA-7BF5911E4002}"
EndProject
Project("{FAE04EC0-301F-11D3-BF4B-00C04F79EFBC}") = "Latihan_3_1", "Latihan_3_1\Latihan_3_1.csproj", "{9FA17E09-0998-4236-9605-8DC243323A5A}"
EndProject
Project("{FAE04EC0-301F-11D3-BF4B-00C04F79EFBC}") = "Latihan_4_1", "Latihan_4_1\Latihan_4_1.csproj", "{8DF68AD3-46A9-44D1-976E-83ABB178BDC7}"
EndProject
Project("{FAE04EC0-301F-11D3-BF4B-00C04F79EFBC}") = "Latihan_5_1", "Latihan_5_1\Latihan_5_1.csproj", "{46FFE06F-9D32-402B-BF0D-247C9E357ABF}"
EndProject
Global
	GlobalSection(SolutionConfigurationPlatforms) = preSolution
		Debug|Any CPU = Debug|Any CPU
		Release|Any CPU = Release|Any CPU
	EndGlobalSection
	GlobalSection(ProjectConfigurationPlatforms) = postSolution
		{9EA92384-0ACE-4F69-B94F-BB595A08A450}.Debug|Any CPU.ActiveCfg = Debug|Any CPU
		{9EA92384-0ACE-4F69-B94F-BB595A08A450}.Debug|Any CPU.Build.0 = Debug|Any CPU
		{9EA92384-0ACE-4F69-B94F-BB595A08A450}.Release|Any CPU.ActiveCfg = Release|Any CPU
		{9EA92384-0ACE-4F69-B94F-BB595A08A450}.Release|Any CPU.Build.0 = Release|Any CPU
		{100A5EC3-3551-43AC-BC1B-BA1A40BF1596}.Debug|Any CPU.ActiveCfg = Debug|Any CPU
		{100A5EC3-3551-43AC-BC1B-BA1A40BF1596}.Debug|Any CPU.Build.0 = Debug|Any CPU
		{100A5EC3-3551-43AC-BC1B-BA1A40BF1596}.Release|Any CPU.ActiveCfg = Release|Any CPU
		{100A5EC3-3551-43AC-BC1B-BA1A40BF1596}.Release|Any CPU.Build.0 = Release|Any CPU
		{9814AD86-D690-453D-AC9F-9E4431B480A4}.Debug|Any CPU.ActiveCfg = Debug|Any CPU
		{9814AD86-D690-453D-AC9F-9E4431B480A4}.Debug|Any CPU.Build.0 = Debug|Any CPU
		{9814AD86-D690-453D-AC9F-9E4431B480A4}.Release|Any CPU.ActiveCfg = Release|Any CPU
		{9814AD86-D690-453D-AC9F-9E4431B480A4}.Release|Any CPU.Build.0 = Release|Any CPU
		{F090EA5F-F416-4F93-8AFA-7BF5911E4002}.Debug|Any CPU.ActiveCfg = Debug|Any CPU
		{F090EA5F-F416-4F93-8AFA-7BF5911E4002}.Debug|Any CPU.Build.0 = Debug|Any CPU
		{F090EA5F-F416-4F93-8AFA-7BF5911E4002}.Release|Any CPU.ActiveCfg = Release|Any CPU
		{F090EA5F-F416-4F93-8AFA-7BF5911E4002}.Release|Any CPU.Build.0 = Release|Any CPU
		{9FA17E09-0998-4236-9605-8DC243323A5A}.Debug|Any CPU.ActiveCfg = Debug|Any CPU
		{9FA17E09-0998-4236-9605-8DC243323A5A}.Debug|Any CPU.Build.0 = Debug|Any CPU
		{9FA17E09-0998-4236-9605-8DC243323A5A}.Release|Any CPU.ActiveCfg = Release|Any CPU
		{9FA17E09-0998-4236-9605-8DC243323A5A}.Release|Any CPU.Build.0 = Release|Any CPU
		{8DF68AD3-46A9-44D1-976E-83ABB178BDC7}.Debug|Any CPU.ActiveCfg = Debug|Any CPU
		{8DF68AD3-46A9-44D1-976E-83ABB178BDC7}.Debug|Any CPU.Build.0 = Debug|Any CPU
		{8DF68AD3-46A9-44D1-976E-83ABB178BDC7}.Release|Any CPU.ActiveCfg = Release|Any CPU
		{8DF68AD3-46A9-44D1-976E-83ABB178BDC7}.Release|Any CPU.Build.0 = Release|Any CPU
		{46FFE06F-9D32-402B-BF0D-247C9E357ABF}.Debug|Any CPU.ActiveCfg = Debug|Any CPU
		{46FFE06F-9D32-402B-BF0D-247C9E357ABF}.Debug|Any CPU.Build.0 = Debug|Any CPU
		{46FFE06F-9D32-402B-BF0D-247C9E357ABF}.Release|Any CPU.ActiveCfg = Release|Any CPU
		{46FFE06F-9D32-402B-BF0D-247C9E357ABF}.Release|Any CPU.Build.0 = Release|Any CPU
	EndGlobalSection
	GlobalSection(SolutionProperties) = preSolution
		HideSolutionNode = FALSE
	EndGlobalSection
EndGlobal
